
Microsoft Visual Studio Solution File, Format Version 12.00
# Visual Studio Version 17
VisualStudioVersion = 17.7.34031.279
MinimumVisualStudioVersion = 10.0.40219.1
Project("{9A19103F-16F7-4668-BE54-9A1E7A4F7556}") = "PerformanceReview", "PerformanceReview.csproj", "{CBDD5E2A-0420-4F8C-A8AF-37F51DB2B019}"
EndProject
Project("{FAE04EC0-301F-11D3-BF4B-00C04F79EFBC}") = "PerformanceReview.Api", "..\PerformanceReview.Api\PerformanceReview.Api.csproj", "{DAF5EC23-EF97-48A9-B2DA-8F15A0CFD7DF}"
EndProject
Global
	GlobalSection(SolutionConfigurationPlatforms) = preSolution
		Debug|Any CPU = Debug|Any CPU
		Release|Any CPU = Release|Any CPU
	EndGlobalSection
	GlobalSection(ProjectConfigurationPlatforms) = postSolution
		{CBDD5E2A-0420-4F8C-A8AF-37F51DB2B019}.Debug|Any CPU.ActiveCfg = Debug|Any CPU
		{CBDD5E2A-0420-4F8C-A8AF-37F51DB2B019}.Debug|Any CPU.Build.0 = Debug|Any CPU
		{CBDD5E2A-0420-4F8C-A8AF-37F51DB2B019}.Release|Any CPU.ActiveCfg = Release|Any CPU
		{CBDD5E2A-0420-4F8C-A8AF-37F51DB2B019}.Release|Any CPU.Build.0 = Release|Any CPU
		{DAF5EC23-EF97-48A9-B2DA-8F15A0CFD7DF}.Debug|Any CPU.ActiveCfg = Debug|Any CPU
		{DAF5EC23-EF97-48A9-B2DA-8F15A0CFD7DF}.Debug|Any CPU.Build.0 = Debug|Any CPU
		{DAF5EC23-EF97-48A9-B2DA-8F15A0CFD7DF}.Release|Any CPU.ActiveCfg = Release|Any CPU
		{DAF5EC23-EF97-48A9-B2DA-8F15A0CFD7DF}.Release|Any CPU.Build.0 = Release|Any CPU
	EndGlobalSection
	GlobalSection(SolutionProperties) = preSolution
		HideSolutionNode = FALSE
	EndGlobalSection
	GlobalSection(ExtensibilityGlobals) = postSolution
		SolutionGuid = {2528FD96-D429-464C-86FC-E239B8308D43}
	EndGlobalSection
EndGlobal
